{
  "version": 4,
  "terraform_version": "1.14.5",
  "serial": 130,
  "lineage": "9a359a93-e9c4-2239-4ea1-10eddb64f88f",
  "outputs": {
    "claim_certificate_path": {
      "value": "./certs/claim_certificate.pem.crt",
      "type": "string"
    },
    "claim_private_key_path": {
      "value": "./certs/claim_private.pem.key",
      "type": "string"
    },
    "template_name": {
      "value": "fleet_template",
      "type": "string"
    }
  },
  "resources": [
    {
      "mode": "managed",
      "type": "aws_iam_role",
      "name": "iot_provisioning_role",
      "provider": "provider[\"registry.terraform.io/hashicorp/aws\"]",
      "instances": [
        {
          "schema_version": 0,
          "attributes": {
            "arn": "arn:aws:iam::219373853224:role/iot_fleet_provisioning_role",
            "assume_role_policy": "{\"Statement\":[{\"Action\":\"sts:AssumeRole\",\"Effect\":\"Allow\",\"Principal\":{\"Service\":\"iot.amazonaws.com\"}}],\"Version\":\"2012-10-17\"}",
            "create_date": "2026-04-12T12:07:04Z",
            "description": "",
            "force_detach_policies": false,
            "id": "iot_fleet_provisioning_role",
            "inline_policy": [],
            "managed_policy_arns": [],
            "max_session_duration": 3600,
            "name": "iot_fleet_provisioning_role",
            "name_prefix": "",
            "path": "/",
            "permissions_boundary": "",
            "tags": null,
            "tags_all": {},
            "unique_id": "AROATGE5TLIUDYZZTQRAF"
          },
          "sensitive_attributes": [],
          "identity_schema_version": 0,
          "private": "bnVsbA=="
        }
      ]
    },
    {
      "mode": "managed",
      "type": "aws_iam_role_policy",
      "name": "iot_provisioning_policy",
      "provider": "provider[\"registry.terraform.io/hashicorp/aws\"]",
      "instances": [
        {
          "schema_version": 0,
          "attributes": {
            "id": "iot_fleet_provisioning_role:iot_fleet_provisioning_policy",
            "name": "iot_fleet_provisioning_policy",
            "name_prefix": "",
            "policy": "{\"Version\":\"2012-10-17\",\"Statement\":[{\"Action\":[\"iot:CreateThing\",\"iot:CreateKeysAndCertificate\",\"iot:AttachPolicy\",\"iot:AttachThingPrincipal\",\"iot:DescribeThing\",\"iot:DescribeCertificate\",\"iot:GetPolicy\"],\"Effect\":\"Allow\",\"Resource\":\"*\"},{\"Action\":\"iam:PassRole\",\"Effect\":\"Allow\",\"Resource\":\"*\"}]}",
            "role": "iot_fleet_provisioning_role"
          },
          "sensitive_attributes": [],
          "identity_schema_version": 0,
          "private": "bnVsbA==",
          "dependencies": [
            "aws_iam_role.iot_provisioning_role"
          ]
        }
      ]
    },
    {
      "mode": "managed",
      "type": "aws_iot_certificate",
      "name": "claim_cert",
      "provider": "provider[\"registry.terraform.io/hashicorp/aws\"]",
      "instances": [
        {
          "schema_version": 0,
          "attributes": {
            "active": true,
            "arn": "arn:aws:iot:ap-northeast-1:219373853224:cert/d887f0012c32e58f94caa435e13e1c123c8014a06509aa0a14799eb642ae58d3",
            "ca_certificate_id": "",
            "ca_pem": null,
            "certificate_pem": "-----BEGIN CERTIFICATE-----\nMIIDWTCCAkGgAwIBAgIUbCO2duLtWHORoYh/iLYofDA96P0wDQYJKoZIhvcNAQEL\nBQAwTTFLMEkGA1UECwxCQW1hem9uIFdlYiBTZXJ2aWNlcyBPPUFtYXpvbi5jb20g\nSW5jLiBMPVNlYXR0bGUgU1Q9V2FzaGluZ3RvbiBDPVVTMB4XDTI2MDQxMjEyMDUw\nM1oXDTQ5MTIzMTIzNTk1OVowHjEcMBoGA1UEAwwTQVdTIElvVCBDZXJ0aWZpY2F0\nZTCCASIwDQYJKoZIhvcNAQEBBQADggEPADCCAQoCggEBAPEz+hnLIZ/eiK5LAfEH\nNQjaNHTGF0C4IWbWyAdVL7wd6fGqO51oZ9TnnBYxsQq41VpQ+aUpduJrtAdq9M70\nFW943tkuskEnM/KR9wJ83/yV2sd20B4mYi4++aHM/UdLvORBfuZ2x4/piG1lKk2Z\nC78b8BPFn031q2a+mK56zGweIw96kX6g38kZvQwIyuKkaUilAAhG09zapqen7t/0\nWlfWh0J8otHNbOKYiLnG2Vvlt37HB8gTg27v2E2LCGlvSqDuAGgNW8+xmdLcv4OL\nw6ZsCHUrj/2+aFlu7JRtWIRryhvIr7EmqQwvmfkeo8hvYSzFq/G5TpU3VTwHbeuL\nqZECAwEAAaNgMF4wHwYDVR0jBBgwFoAUmSOFGBW0ujW9e4T3AuO/9yMsnm0wHQYD\nVR0OBBYEFFxkqLdqVzc2Q/F2HXtbMs0coWUeMAwGA1UdEwEB/wQCMAAwDgYDVR0P\nAQH/BAQDAgeAMA0GCSqGSIb3DQEBCwUAA4IBAQAvD72QuhZ4fRvTnLm1M2RxCopD\n2qjjx37iuhnSSKkv6S1Ws66xEnK7kcCHZyZYOqS9bBdQPbnWgHd5glhSjrqAMDMK\n/3CVtwGvV68ODOzWe5oTZL4cBFCGjX75O4UQ12xqy74zBRil0gSjmjRoRVpdSbYd\n5JTjxoOuGlkiZEAFYs9iydhG73Q6b6oNKHLFtN80Nbbw+2rjPjQlYJ1/I6bH0XWX\nVqWYub8VuN3YOTufYHKgps7ICTrko30ZlDEHuAKN2ufiIPF/dwju5fyl+G6DaJTn\ntfIhcI1UkUBljCCWZ1hxV33MdMq4LbCKtCjzs9vLylH+ZcnZHtueGN0oXnbE\n-----END CERTIFICATE-----\n",
            "csr": null,
            "id": "d887f0012c32e58f94caa435e13e1c123c8014a06509aa0a14799eb642ae58d3",
            "private_key": "-----BEGIN RSA PRIVATE KEY-----\nMIIEowIBAAKCAQEA8TP6Gcshn96IrksB8Qc1CNo0dMYXQLghZtbIB1UvvB3p8ao7\nnWhn1OecFjGxCrjVWlD5pSl24mu0B2r0zvQVb3je2S6yQScz8pH3Anzf/JXax3bQ\nHiZiLj75ocz9R0u85EF+5nbHj+mIbWUqTZkLvxvwE8WfTfWrZr6YrnrMbB4jD3qR\nfqDfyRm9DAjK4qRpSKUACEbT3Nqmp6fu3/RaV9aHQnyi0c1s4piIucbZW+W3fscH\nyBODbu/YTYsIaW9KoO4AaA1bz7GZ0ty/g4vDpmwIdSuP/b5oWW7slG1YhGvKG8iv\nsSapDC+Z+R6jyG9hLMWr8blOlTdVPAdt64upkQIDAQABAoIBACTlZ4eUjBMxbkUD\nEkv1Z0ZwYn/OYXYz9GAP0M9WV5P2G3gtKytb8i4eM8EtXsCeH3zOUDHUkuv1v7c2\nxDX4HmNL4QLl4ryWq5qae2d1BKpVnf7PDOzfwDsExRjcC45hZoagAjJszwAToBvj\n0sHF/IcCVgogO8soHkz8MMzX2fdbpMiZeIjgIt2c45CKbjndlNWMoENAnDqyWRwv\n4TUG8BGo7GyIJTCzC7eKMowOu4FNmCn5mI+AzhvIDSdHHK9PDpv0R9iFADfziQ6u\n69a3GzeFFwTiKx9Stt+PLOpb8WU8mpN43IUsh5VHV9F0ETjBFLvCIddUPeYsDtlG\npi+8JMUCgYEA+sNQoEjvkdNTZSfldZrQVsIyLiUQLf8+RPKypZ9nLX1K1grbE5Qc\n7yOfzDcvChRjAyf2uzhxc0/j0IFio0zl4RYs6pcDBAQGffPzwfCrPw5NCmLuNczc\nYFLVC5FeUfUUmtA5B+ESVSc3+trBrXqaqf7VsLBwMa6f3kYW8xH+XO8CgYEA9j2M\n99CT60Tq6BU3+OiicA+Q4Xe8KghyH89WVsnoIe8661NzcsWp11ZgsR1POLecnJn6\n2qrR2d4UNCU4nIOiAXTSTTwxrOIe91k0DbJDKnYMSUaik9bLqBrgJHB1j0AaFN0B\nAr8FHUcHK6zBdIiok5yWyzw6Maas/btl1Q8rYX8CgYAe389cfL5qYO+Co9/fk/kU\nxYIyJkQQtb1v9cXDGJY2hpehNOL2TSUm2GcDWMQE5K+wIsqBEJj/TpXJBTUk0AH5\nraZIF+G6K9i0x0V62mvrLpKTtcyIeTmk7m3mp7ZKNvebfAmZi7+bFmIRE8AG4PKL\n/aFHyOF3bH2oe062DMAZpwKBgCSN9JxhUWQuwfScGcgQuPSLywU9oihXQqHoRLfz\nl0taWVPP+qaCI3l9MDN612TjFRPGZBAMJcUDC9rF38aUX/t5XTLsCa/RjalIi8qw\nuPnXtnE2VDJAQ9F70+R08W7HpFeOi3Td6KN1BOJ97eYf1266Y0Red4EhbjLom/Bq\nJRV/AoGBAPZJdKUFRYhEes0EPkWA34RRQVrcQdCjAazCjM4hNMumKFrd3nrreCGZ\nUm+jwpGzqsZqvHFlQWAGlGl/yKLt00uLz6gxh0rrUuxpelpIkQytV18nEZTABkNl\n3g2bcMDWTxRZcgbsZXIFu69VLd2+FcCSybypoxVJvji5iRjYx26Z\n-----END RSA PRIVATE KEY-----\n",
            "public_key": "-----BEGIN PUBLIC KEY-----\nMIIBIjANBgkqhkiG9w0BAQEFAAOCAQ8AMIIBCgKCAQEA8TP6Gcshn96IrksB8Qc1\nCNo0dMYXQLghZtbIB1UvvB3p8ao7nWhn1OecFjGxCrjVWlD5pSl24mu0B2r0zvQV\nb3je2S6yQScz8pH3Anzf/JXax3bQHiZiLj75ocz9R0u85EF+5nbHj+mIbWUqTZkL\nvxvwE8WfTfWrZr6YrnrMbB4jD3qRfqDfyRm9DAjK4qRpSKUACEbT3Nqmp6fu3/Ra\nV9aHQnyi0c1s4piIucbZW+W3fscHyBODbu/YTYsIaW9KoO4AaA1bz7GZ0ty/g4vD\npmwIdSuP/b5oWW7slG1YhGvKG8ivsSapDC+Z+R6jyG9hLMWr8blOlTdVPAdt64up\nkQIDAQAB\n-----END PUBLIC KEY-----\n"
          },
          "sensitive_attributes": [
            [
              {
                "type": "get_attr",
                "value": "ca_pem"
              }
            ],
            [
              {
                "type": "get_attr",
                "value": "certificate_pem"
              }
            ],
            [
              {
                "type": "get_attr",
                "value": "private_key"
              }
            ],
            [
              {
                "type": "get_attr",
                "value": "public_key"
              }
            ]
          ],
          "identity_schema_version": 0,
          "private": "bnVsbA=="
        }
      ]
    },
    {
      "mode": "managed",
      "type": "aws_iot_policy",
      "name": "claim_policy",
      "provider": "provider[\"registry.terraform.io/hashicorp/aws\"]",
      "instances": [
        {
          "schema_version": 0,
          "attributes": {
            "arn": "arn:aws:iot:ap-northeast-1:219373853224:policy/claim_policy",
            "default_version_id": "1",
            "id": "claim_policy",
            "name": "claim_policy",
            "policy": "{\"Statement\":[{\"Action\":[\"iot:Connect\",\"iot:Publish\",\"iot:Receive\",\"iot:Subscribe\"],\"Effect\":\"Allow\",\"Resource\":\"*\"}],\"Version\":\"2012-10-17\"}",
            "tags": null,
            "tags_all": {},
            "timeouts": null
          },
          "sensitive_attributes": [],
          "identity_schema_version": 0,
          "private": "eyJlMmJmYjczMC1lY2FhLTExZTYtOGY4OC0zNDM2M2JjN2M0YzAiOnsiZGVsZXRlIjozMDAwMDAwMDAwMDAsInVwZGF0ZSI6NjAwMDAwMDAwMDB9fQ=="
        }
      ]
    },
    {
      "mode": "managed",
      "type": "aws_iot_policy",
      "name": "device_policy",
      "provider": "provider[\"registry.terraform.io/hashicorp/aws\"]",
      "instances": [
        {
          "schema_version": 0,
          "attributes": {
            "arn": "arn:aws:iot:ap-northeast-1:219373853224:policy/fleet_device_policy",
            "default_version_id": "1",
            "id": "fleet_device_policy",
            "name": "fleet_device_policy",
            "policy": "{\"Statement\":[{\"Action\":\"iot:*\",\"Effect\":\"Allow\",\"Resource\":\"*\"}],\"Version\":\"2012-10-17\"}",
            "tags": null,
            "tags_all": {},
            "timeouts": null
          },
          "sensitive_attributes": [],
          "identity_schema_version": 0,
          "private": "eyJlMmJmYjczMC1lY2FhLTExZTYtOGY4OC0zNDM2M2JjN2M0YzAiOnsiZGVsZXRlIjozMDAwMDAwMDAwMDAsInVwZGF0ZSI6NjAwMDAwMDAwMDB9fQ=="
        }
      ]
    },
    {
      "mode": "managed",
      "type": "aws_iot_policy_attachment",
      "name": "claim_attach",
      "provider": "provider[\"registry.terraform.io/hashicorp/aws\"]",
      "instances": [
        {
          "schema_version": 0,
          "attributes": {
            "id": "claim_policy|arn:aws:iot:ap-northeast-1:219373853224:cert/d887f0012c32e58f94caa435e13e1c123c8014a06509aa0a14799eb642ae58d3",
            "policy": "claim_policy",
            "target": "arn:aws:iot:ap-northeast-1:219373853224:cert/d887f0012c32e58f94caa435e13e1c123c8014a06509aa0a14799eb642ae58d3"
          },
          "sensitive_attributes": [],
          "identity_schema_version": 0,
          "private": "bnVsbA==",
          "dependencies": [
            "aws_iot_certificate.claim_cert",
            "aws_iot_policy.claim_policy"
          ]
        }
      ]
    },
    {
      "mode": "managed",
      "type": "aws_iot_provisioning_template",
      "name": "fleet_template",
      "provider": "provider[\"registry.terraform.io/hashicorp/aws\"]",
      "instances": [
        {
          "schema_version": 0,
          "attributes": {
            "arn": "arn:aws:iot:ap-northeast-1:219373853224:provisioningtemplate/fleet_template",
            "default_version_id": 1,
            "description": "",
            "enabled": true,
            "id": "fleet_template",
            "name": "fleet_template",
            "pre_provisioning_hook": [],
            "provisioning_role_arn": "arn:aws:iam::219373853224:role/iot_fleet_provisioning_role",
            "tags": null,
            "tags_all": {},
            "template_body": "{\"Parameters\":{\"ThingName\":{\"Type\":\"String\"}},\"Resources\":{\"certificate\":{\"Properties\":{\"CertificateId\":{\"Ref\":\"AWS::IoT::Certificate::Id\"},\"Status\":\"ACTIVE\"},\"Type\":\"AWS::IoT::Certificate\"},\"policy\":{\"Properties\":{\"PolicyName\":\"fleet_device_policy\"},\"Type\":\"AWS::IoT::Policy\"},\"thing\":{\"Properties\":{\"ThingName\":{\"Ref\":\"ThingName\"}},\"Type\":\"AWS::IoT::Thing\"}}}",
            "type": "FLEET_PROVISIONING"
          },
          "sensitive_attributes": [],
          "identity_schema_version": 0,
          "private": "bnVsbA==",
          "dependencies": [
            "aws_iam_role.iot_provisioning_role"
          ]
        }
      ]
    },
    {
      "mode": "managed",
      "type": "local_file",
      "name": "claim_cert_file",
      "provider": "provider[\"registry.terraform.io/hashicorp/local\"]",
      "instances": [
        {
          "schema_version": 0,
          "attributes": {
            "content": "-----BEGIN CERTIFICATE-----\nMIIDWTCCAkGgAwIBAgIUbCO2duLtWHORoYh/iLYofDA96P0wDQYJKoZIhvcNAQEL\nBQAwTTFLMEkGA1UECwxCQW1hem9uIFdlYiBTZXJ2aWNlcyBPPUFtYXpvbi5jb20g\nSW5jLiBMPVNlYXR0bGUgU1Q9V2FzaGluZ3RvbiBDPVVTMB4XDTI2MDQxMjEyMDUw\nM1oXDTQ5MTIzMTIzNTk1OVowHjEcMBoGA1UEAwwTQVdTIElvVCBDZXJ0aWZpY2F0\nZTCCASIwDQYJKoZIhvcNAQEBBQADggEPADCCAQoCggEBAPEz+hnLIZ/eiK5LAfEH\nNQjaNHTGF0C4IWbWyAdVL7wd6fGqO51oZ9TnnBYxsQq41VpQ+aUpduJrtAdq9M70\nFW943tkuskEnM/KR9wJ83/yV2sd20B4mYi4++aHM/UdLvORBfuZ2x4/piG1lKk2Z\nC78b8BPFn031q2a+mK56zGweIw96kX6g38kZvQwIyuKkaUilAAhG09zapqen7t/0\nWlfWh0J8otHNbOKYiLnG2Vvlt37HB8gTg27v2E2LCGlvSqDuAGgNW8+xmdLcv4OL\nw6ZsCHUrj/2+aFlu7JRtWIRryhvIr7EmqQwvmfkeo8hvYSzFq/G5TpU3VTwHbeuL\nqZECAwEAAaNgMF4wHwYDVR0jBBgwFoAUmSOFGBW0ujW9e4T3AuO/9yMsnm0wHQYD\nVR0OBBYEFFxkqLdqVzc2Q/F2HXtbMs0coWUeMAwGA1UdEwEB/wQCMAAwDgYDVR0P\nAQH/BAQDAgeAMA0GCSqGSIb3DQEBCwUAA4IBAQAvD72QuhZ4fRvTnLm1M2RxCopD\n2qjjx37iuhnSSKkv6S1Ws66xEnK7kcCHZyZYOqS9bBdQPbnWgHd5glhSjrqAMDMK\n/3CVtwGvV68ODOzWe5oTZL4cBFCGjX75O4UQ12xqy74zBRil0gSjmjRoRVpdSbYd\n5JTjxoOuGlkiZEAFYs9iydhG73Q6b6oNKHLFtN80Nbbw+2rjPjQlYJ1/I6bH0XWX\nVqWYub8VuN3YOTufYHKgps7ICTrko30ZlDEHuAKN2ufiIPF/dwju5fyl+G6DaJTn\ntfIhcI1UkUBljCCWZ1hxV33MdMq4LbCKtCjzs9vLylH+ZcnZHtueGN0oXnbE\n-----END CERTIFICATE-----\n",
            "content_base64": null,
            "content_base64sha256": "k5VwMGnZGEpILNJjGweVnFApnkJ+xkeeIq5CWz4IKSE=",
            "content_base64sha512": "RSElDfyJM5DORM4lqGb5ErIgQR4Pw9ENvYHusFcHAglxlnrrT9kjz0+UZLQfkRhGuLfbMLnr1fiULoeg5AchgA==",
            "content_md5": "85c31255aff9b1f7f03ca71f8f069811",
            "content_sha1": "5533f6d5eb2bb54903c14d856acd8ebf805fbdd2",
            "content_sha256": "9395703069d9184a482cd2631b07959c50299e427ec6479e22ae425b3e082921",
            "content_sha512": "4521250dfc893390ce44ce25a866f912b220411e0fc3d10dbd81eeb05707020971967aeb4fd923cf4f9464b41f911846b8b7db30b9ebd5f8942e87a0e4072180",
            "directory_permission": "0777",
            "file_permission": "0777",
            "filename": "./certs/claim_certificate.pem.crt",
            "id": "5533f6d5eb2bb54903c14d856acd8ebf805fbdd2",
            "sensitive_content": null,
            "source": null
          },
          "sensitive_attributes": [
            [
              {
                "type": "get_attr",
                "value": "content"
              }
            ],
            [
              {
                "type": "get_attr",
                "value": "sensitive_content"
              }
            ]
          ],
          "identity_schema_version": 0,
          "dependencies": [
            "aws_iot_certificate.claim_cert"
          ]
        }
      ]
    },
    {
      "mode": "managed",
      "type": "local_file",
      "name": "claim_private_key",
      "provider": "provider[\"registry.terraform.io/hashicorp/local\"]",
      "instances": [
        {
          "schema_version": 0,
          "attributes": {
            "content": "-----BEGIN RSA PRIVATE KEY-----\nMIIEowIBAAKCAQEA8TP6Gcshn96IrksB8Qc1CNo0dMYXQLghZtbIB1UvvB3p8ao7\nnWhn1OecFjGxCrjVWlD5pSl24mu0B2r0zvQVb3je2S6yQScz8pH3Anzf/JXax3bQ\nHiZiLj75ocz9R0u85EF+5nbHj+mIbWUqTZkLvxvwE8WfTfWrZr6YrnrMbB4jD3qR\nfqDfyRm9DAjK4qRpSKUACEbT3Nqmp6fu3/RaV9aHQnyi0c1s4piIucbZW+W3fscH\nyBODbu/YTYsIaW9KoO4AaA1bz7GZ0ty/g4vDpmwIdSuP/b5oWW7slG1YhGvKG8iv\nsSapDC+Z+R6jyG9hLMWr8blOlTdVPAdt64upkQIDAQABAoIBACTlZ4eUjBMxbkUD\nEkv1Z0ZwYn/OYXYz9GAP0M9WV5P2G3gtKytb8i4eM8EtXsCeH3zOUDHUkuv1v7c2\nxDX4HmNL4QLl4ryWq5qae2d1BKpVnf7PDOzfwDsExRjcC45hZoagAjJszwAToBvj\n0sHF/IcCVgogO8soHkz8MMzX2fdbpMiZeIjgIt2c45CKbjndlNWMoENAnDqyWRwv\n4TUG8BGo7GyIJTCzC7eKMowOu4FNmCn5mI+AzhvIDSdHHK9PDpv0R9iFADfziQ6u\n69a3GzeFFwTiKx9Stt+PLOpb8WU8mpN43IUsh5VHV9F0ETjBFLvCIddUPeYsDtlG\npi+8JMUCgYEA+sNQoEjvkdNTZSfldZrQVsIyLiUQLf8+RPKypZ9nLX1K1grbE5Qc\n7yOfzDcvChRjAyf2uzhxc0/j0IFio0zl4RYs6pcDBAQGffPzwfCrPw5NCmLuNczc\nYFLVC5FeUfUUmtA5B+ESVSc3+trBrXqaqf7VsLBwMa6f3kYW8xH+XO8CgYEA9j2M\n99CT60Tq6BU3+OiicA+Q4Xe8KghyH89WVsnoIe8661NzcsWp11ZgsR1POLecnJn6\n2qrR2d4UNCU4nIOiAXTSTTwxrOIe91k0DbJDKnYMSUaik9bLqBrgJHB1j0AaFN0B\nAr8FHUcHK6zBdIiok5yWyzw6Maas/btl1Q8rYX8CgYAe389cfL5qYO+Co9/fk/kU\nxYIyJkQQtb1v9cXDGJY2hpehNOL2TSUm2GcDWMQE5K+wIsqBEJj/TpXJBTUk0AH5\nraZIF+G6K9i0x0V62mvrLpKTtcyIeTmk7m3mp7ZKNvebfAmZi7+bFmIRE8AG4PKL\n/aFHyOF3bH2oe062DMAZpwKBgCSN9JxhUWQuwfScGcgQuPSLywU9oihXQqHoRLfz\nl0taWVPP+qaCI3l9MDN612TjFRPGZBAMJcUDC9rF38aUX/t5XTLsCa/RjalIi8qw\nuPnXtnE2VDJAQ9F70+R08W7HpFeOi3Td6KN1BOJ97eYf1266Y0Red4EhbjLom/Bq\nJRV/AoGBAPZJdKUFRYhEes0EPkWA34RRQVrcQdCjAazCjM4hNMumKFrd3nrreCGZ\nUm+jwpGzqsZqvHFlQWAGlGl/yKLt00uLz6gxh0rrUuxpelpIkQytV18nEZTABkNl\n3g2bcMDWTxRZcgbsZXIFu69VLd2+FcCSybypoxVJvji5iRjYx26Z\n-----END RSA PRIVATE KEY-----\n",
            "content_base64": null,
            "content_base64sha256": "Fkrde6fpAKIOhN2uWOoBmMlkUqt5hRw3Py9qv1+4zMI=",
            "content_base64sha512": "bfSwSCV6gqmbDjYVJlyoY9yQQy2lG5NnXhYltUFloWQcaCYnVbtEIuzHbFkC2utiU6iRd2qNcEqsY3fHeuizqw==",
            "content_md5": "f605f2f2c11c0795655354e08d80a668",
            "content_sha1": "61ce84bdd578b52bc83c07ff731495dc6fcf08b2",
            "content_sha256": "164add7ba7e900a20e84ddae58ea0198c96452ab79851c373f2f6abf5fb8ccc2",
            "content_sha512": "6df4b048257a82a99b0e3615265ca863dc90432da51b93675e1625b54165a1641c68262755bb4422ecc76c5902daeb6253a891776a8d704aac6377c77ae8b3ab",
            "directory_permission": "0777",
            "file_permission": "0777",
            "filename": "./certs/claim_private.pem.key",
            "id": "61ce84bdd578b52bc83c07ff731495dc6fcf08b2",
            "sensitive_content": null,
            "source": null
          },
          "sensitive_attributes": [
            [
              {
                "type": "get_attr",
                "value": "content"
              }
            ],
            [
              {
                "type": "get_attr",
                "value": "sensitive_content"
              }
            ]
          ],
          "identity_schema_version": 0,
          "dependencies": [
            "aws_iot_certificate.claim_cert"
          ]
        }
      ]
    },
    {
      "mode": "managed",
      "type": "null_resource",
      "name": "download_root_ca",
      "provider": "provider[\"registry.terraform.io/hashicorp/null\"]",
      "instances": [
        {
          "schema_version": 0,
          "attributes": {
            "id": "2668040847106750305",
            "triggers": null
          },
          "sensitive_attributes": [],
          "identity_schema_version": 0
        }
      ]
    }
  ],
  "check_results": null
}
